# This file is automatically @generated by Cargo.
# It is not intended for manual editing.
version = 4

[[package]]
name = "abc-cli-flags"
version = "0.1.0"
dependencies = [
 "dyn-inventory",
 "inventory",
]

[[package]]
name = "convert_case"
version = "0.8.0"
source = "registry+https://github.com/rust-lang/crates.io-index"
checksum = "baaaa0ecca5b51987b9423ccdc971514dd8b0bb7b4060b983d3664dad3f1f89f"
dependencies = [
 "unicode-segmentation",
]

[[package]]
name = "dyn-inventory"
version = "0.1.1"
dependencies = [
 "convert_case",
 "proc-macro2",
 "quote",
 "syn",
]

[[package]]
name = "inventory"
version = "0.3.21"
source = "registry+https://github.com/rust-lang/crates.io-index"
checksum = "bc61209c082fbeb19919bee74b176221b27223e27b65d781eb91af24eb1fb46e"
dependencies = [
 "rustversion",
]

[[package]]
name = "proc-macro2"
version = "1.0.101"
source = "registry+https://github.com/rust-lang/crates.io-index"
checksum = "89ae43fd86e4158d6db51ad8e2b80f313af9cc74f5c0e03ccb87de09998732de"
dependencies = [
 "unicode-ident",
]

[[package]]
name = "quote"
version = "1.0.40"
source = "registry+https://github.com/rust-lang/crates.io-index"
checksum = "1885c039570dc00dcb4ff087a89e185fd56bae234ddc7f056a945bf36467248d"
dependencies = [
 "proc-macro2",
]

[[package]]
name = "rustversion"
version = "1.0.22"
source = "registry+https://github.com/rust-lang/crates.io-index"
checksum = "b39cdef0fa800fc44525c84ccb54a029961a8215f9619753635a9c0d2538d46d"

[[package]]
name = "syn"
version = "2.0.106"
source = "registry+https://github.com/rust-lang/crates.io-index"
checksum = "ede7c438028d4436d71104916910f5bb611972c5cfd7f89b8300a8186e6fada6"
dependencies = [
 "proc-macro2",
 "quote",
 "unicode-ident",
]

[[package]]
name = "unicode-ident"
version = "1.0.19"
source = "registry+https://github.com/rust-lang/crates.io-index"
checksum = "f63a545481291138910575129486daeaf8ac54aee4387fe7906919f7830c7d9d"

[[package]]
name = "unicode-segmentation"
version = "1.12.0"
source = "registry+https://github.com/rust-lang/crates.io-index"
checksum = "f6ccf251212114b54433ec949fd6a7841275f9ada20dddd2f29e9ceea4501493"
